
Microsoft Visual Studio Solution File, Format Version 12.00
# Visual Studio Version 16
VisualStudioVersion = 16.0.29009.5
MinimumVisualStudioVersion = 10.0.40219.1
Project("{2150E333-8FDC-42A3-9474-1A3956D46DE8}") = "RubyCafe", "RubyCafe", "{432DD7E2-10B7-4AF6-9052-6D9EFACD9645}"
EndProject
Project("{FAE04EC0-301F-11D3-BF4B-00C04F79EFBC}") = "RubyCafePresentation", "RubyCafePresentation\RubyCafePresentation.csproj", "{B8D90B6F-3D4D-4935-960D-154B8D42AD67}"
EndProject
Project("{FAE04EC0-301F-11D3-BF4B-00C04F79EFBC}") = "Ruby.Serialization", "Ruby.Serialization\Ruby.Serialization.csproj", "{999BB5E0-4166-4187-8CCC-0357B72E1D13}"
EndProject
Project("{FAE04EC0-301F-11D3-BF4B-00C04F79EFBC}") = "Resources", "Ruby.Resources\Resources.csproj", "{617B5CB7-F90B-4FF8-AAB5-FDE1F2738E73}"
EndProject
Project("{FAE04EC0-301F-11D3-BF4B-00C04F79EFBC}") = "Ruby.Cafe.Common", "Ruby.Cafe.Common\Ruby.Cafe.Common.csproj", "{F9E5731D-A55F-4CD3-9452-D0EF8EF08AE1}"
EndProject
Project("{FAE04EC0-301F-11D3-BF4B-00C04F79EFBC}") = "Ruby.Cafe.Database", "Ruby.Cafe.Database\Ruby.Cafe.Database.csproj", "{26047745-B315-40C7-84EA-0155969AA060}"
EndProject
Project("{9A19103F-16F7-4668-BE54-9A1E7A4F7556}") = "Ruby.Cafe.Model", "Ruby.Cafe.Model\Ruby.Cafe.Model.csproj", "{DDF7EECA-0B08-4530-8489-4312D7A91C3D}"
EndProject
Project("{FAE04EC0-301F-11D3-BF4B-00C04F79EFBC}") = "Ruby.Setup", "Ruby.Cafe.Setup\Ruby.Setup.csproj", "{99139CC0-6ABE-47FE-95C9-0FB1788EFD5C}"
EndProject
Global
	GlobalSection(SolutionConfigurationPlatforms) = preSolution
		Beta|Any CPU = Beta|Any CPU
		Beta|x64 = Beta|x64
		Beta|x86 = Beta|x86
		Debug|Any CPU = Debug|Any CPU
		Debug|x64 = Debug|x64
		Debug|x86 = Debug|x86
		Release|Any CPU = Release|Any CPU
		Release|x64 = Release|x64
		Release|x86 = Release|x86
	EndGlobalSection
	GlobalSection(ProjectConfigurationPlatforms) = postSolution
		{B8D90B6F-3D4D-4935-960D-154B8D42AD67}.Beta|Any CPU.ActiveCfg = Beta|Any CPU
		{B8D90B6F-3D4D-4935-960D-154B8D42AD67}.Beta|Any CPU.Build.0 = Beta|Any CPU
		{B8D90B6F-3D4D-4935-960D-154B8D42AD67}.Beta|x64.ActiveCfg = Beta|Any CPU
		{B8D90B6F-3D4D-4935-960D-154B8D42AD67}.Beta|x64.Build.0 = Beta|Any CPU
		{B8D90B6F-3D4D-4935-960D-154B8D42AD67}.Beta|x86.ActiveCfg = Beta|Any CPU
		{B8D90B6F-3D4D-4935-960D-154B8D42AD67}.Beta|x86.Build.0 = Beta|Any CPU
		{B8D90B6F-3D4D-4935-960D-154B8D42AD67}.Debug|Any CPU.ActiveCfg = Debug|Any CPU
		{B8D90B6F-3D4D-4935-960D-154B8D42AD67}.Debug|Any CPU.Build.0 = Debug|Any CPU
		{B8D90B6F-3D4D-4935-960D-154B8D42AD67}.Debug|x64.ActiveCfg = Debug|Any CPU
		{B8D90B6F-3D4D-4935-960D-154B8D42AD67}.Debug|x64.Build.0 = Debug|Any CPU
		{B8D90B6F-3D4D-4935-960D-154B8D42AD67}.Debug|x86.ActiveCfg = Debug|Any CPU
		{B8D90B6F-3D4D-4935-960D-154B8D42AD67}.Debug|x86.Build.0 = Debug|Any CPU
		{B8D90B6F-3D4D-4935-960D-154B8D42AD67}.Release|Any CPU.ActiveCfg = Release|Any CPU
		{B8D90B6F-3D4D-4935-960D-154B8D42AD67}.Release|Any CPU.Build.0 = Release|Any CPU
		{B8D90B6F-3D4D-4935-960D-154B8D42AD67}.Release|x64.ActiveCfg = Release|Any CPU
		{B8D90B6F-3D4D-4935-960D-154B8D42AD67}.Release|x64.Build.0 = Release|Any CPU
		{B8D90B6F-3D4D-4935-960D-154B8D42AD67}.Release|x86.ActiveCfg = Release|Any CPU
		{B8D90B6F-3D4D-4935-960D-154B8D42AD67}.Release|x86.Build.0 = Release|Any CPU
		{999BB5E0-4166-4187-8CCC-0357B72E1D13}.Beta|Any CPU.ActiveCfg = Beta|Any CPU
		{999BB5E0-4166-4187-8CCC-0357B72E1D13}.Beta|Any CPU.Build.0 = Beta|Any CPU
		{999BB5E0-4166-4187-8CCC-0357B72E1D13}.Beta|x64.ActiveCfg = Beta|Any CPU
		{999BB5E0-4166-4187-8CCC-0357B72E1D13}.Beta|x64.Build.0 = Beta|Any CPU
		{999BB5E0-4166-4187-8CCC-0357B72E1D13}.Beta|x86.ActiveCfg = Beta|Any CPU
		{999BB5E0-4166-4187-8CCC-0357B72E1D13}.Beta|x86.Build.0 = Beta|Any CPU
		{999BB5E0-4166-4187-8CCC-0357B72E1D13}.Debug|Any CPU.ActiveCfg = Debug|Any CPU
		{999BB5E0-4166-4187-8CCC-0357B72E1D13}.Debug|Any CPU.Build.0 = Debug|Any CPU
		{999BB5E0-4166-4187-8CCC-0357B72E1D13}.Debug|x64.ActiveCfg = Debug|Any CPU
		{999BB5E0-4166-4187-8CCC-0357B72E1D13}.Debug|x64.Build.0 = Debug|Any CPU
		{999BB5E0-4166-4187-8CCC-0357B72E1D13}.Debug|x86.ActiveCfg = Debug|Any CPU
		{999BB5E0-4166-4187-8CCC-0357B72E1D13}.Debug|x86.Build.0 = Debug|Any CPU
		{999BB5E0-4166-4187-8CCC-0357B72E1D13}.Release|Any CPU.ActiveCfg = Release|Any CPU
		{999BB5E0-4166-4187-8CCC-0357B72E1D13}.Release|Any CPU.Build.0 = Release|Any CPU
		{999BB5E0-4166-4187-8CCC-0357B72E1D13}.Release|x64.ActiveCfg = Release|Any CPU
		{999BB5E0-4166-4187-8CCC-0357B72E1D13}.Release|x64.Build.0 = Release|Any CPU
		{999BB5E0-4166-4187-8CCC-0357B72E1D13}.Release|x86.ActiveCfg = Release|Any CPU
		{999BB5E0-4166-4187-8CCC-0357B72E1D13}.Release|x86.Build.0 = Release|Any CPU
		{617B5CB7-F90B-4FF8-AAB5-FDE1F2738E73}.Beta|Any CPU.ActiveCfg = Beta|Any CPU
		{617B5CB7-F90B-4FF8-AAB5-FDE1F2738E73}.Beta|Any CPU.Build.0 = Beta|Any CPU
		{617B5CB7-F90B-4FF8-AAB5-FDE1F2738E73}.Beta|x64.ActiveCfg = Beta|Any CPU
		{617B5CB7-F90B-4FF8-AAB5-FDE1F2738E73}.Beta|x64.Build.0 = Beta|Any CPU
		{617B5CB7-F90B-4FF8-AAB5-FDE1F2738E73}.Beta|x86.ActiveCfg = Beta|Any CPU
		{617B5CB7-F90B-4FF8-AAB5-FDE1F2738E73}.Beta|x86.Build.0 = Beta|Any CPU
		{617B5CB7-F90B-4FF8-AAB5-FDE1F2738E73}.Debug|Any CPU.ActiveCfg = Debug|Any CPU
		{617B5CB7-F90B-4FF8-AAB5-FDE1F2738E73}.Debug|Any CPU.Build.0 = Debug|Any CPU
		{617B5CB7-F90B-4FF8-AAB5-FDE1F2738E73}.Debug|x64.ActiveCfg = Debug|Any CPU
		{617B5CB7-F90B-4FF8-AAB5-FDE1F2738E73}.Debug|x64.Build.0 = Debug|Any CPU
		{617B5CB7-F90B-4FF8-AAB5-FDE1F2738E73}.Debug|x86.ActiveCfg = Debug|Any CPU
		{617B5CB7-F90B-4FF8-AAB5-FDE1F2738E73}.Debug|x86.Build.0 = Debug|Any CPU
		{617B5CB7-F90B-4FF8-AAB5-FDE1F2738E73}.Release|Any CPU.ActiveCfg = Release|Any CPU
		{617B5CB7-F90B-4FF8-AAB5-FDE1F2738E73}.Release|Any CPU.Build.0 = Release|Any CPU
		{617B5CB7-F90B-4FF8-AAB5-FDE1F2738E73}.Release|x64.ActiveCfg = Release|Any CPU
		{617B5CB7-F90B-4FF8-AAB5-FDE1F2738E73}.Release|x64.Build.0 = Release|Any CPU
		{617B5CB7-F90B-4FF8-AAB5-FDE1F2738E73}.Release|x86.ActiveCfg = Release|Any CPU
		{617B5CB7-F90B-4FF8-AAB5-FDE1F2738E73}.Release|x86.Build.0 = Release|Any CPU
		{F9E5731D-A55F-4CD3-9452-D0EF8EF08AE1}.Beta|Any CPU.ActiveCfg = Beta|Any CPU
		{F9E5731D-A55F-4CD3-9452-D0EF8EF08AE1}.Beta|Any CPU.Build.0 = Beta|Any CPU
		{F9E5731D-A55F-4CD3-9452-D0EF8EF08AE1}.Beta|x64.ActiveCfg = Beta|Any CPU
		{F9E5731D-A55F-4CD3-9452-D0EF8EF08AE1}.Beta|x64.Build.0 = Beta|Any CPU
		{F9E5731D-A55F-4CD3-9452-D0EF8EF08AE1}.Beta|x86.ActiveCfg = Beta|Any CPU
		{F9E5731D-A55F-4CD3-9452-D0EF8EF08AE1}.Beta|x86.Build.0 = Beta|Any CPU
		{F9E5731D-A55F-4CD3-9452-D0EF8EF08AE1}.Debug|Any CPU.ActiveCfg = Debug|Any CPU
		{F9E5731D-A55F-4CD3-9452-D0EF8EF08AE1}.Debug|Any CPU.Build.0 = Debug|Any CPU
		{F9E5731D-A55F-4CD3-9452-D0EF8EF08AE1}.Debug|x64.ActiveCfg = Debug|Any CPU
		{F9E5731D-A55F-4CD3-9452-D0EF8EF08AE1}.Debug|x64.Build.0 = Debug|Any CPU
		{F9E5731D-A55F-4CD3-9452-D0EF8EF08AE1}.Debug|x86.ActiveCfg = Debug|Any CPU
		{F9E5731D-A55F-4CD3-9452-D0EF8EF08AE1}.Debug|x86.Build.0 = Debug|Any CPU
		{F9E5731D-A55F-4CD3-9452-D0EF8EF08AE1}.Release|Any CPU.ActiveCfg = Release|Any CPU
		{F9E5731D-A55F-4CD3-9452-D0EF8EF08AE1}.Release|Any CPU.Build.0 = Release|Any CPU
		{F9E5731D-A55F-4CD3-9452-D0EF8EF08AE1}.Release|x64.ActiveCfg = Release|Any CPU
		{F9E5731D-A55F-4CD3-9452-D0EF8EF08AE1}.Release|x64.Build.0 = Release|Any CPU
		{F9E5731D-A55F-4CD3-9452-D0EF8EF08AE1}.Release|x86.ActiveCfg = Release|Any CPU
		{F9E5731D-A55F-4CD3-9452-D0EF8EF08AE1}.Release|x86.Build.0 = Release|Any CPU
		{26047745-B315-40C7-84EA-0155969AA060}.Beta|Any CPU.ActiveCfg = Beta|Any CPU
		{26047745-B315-40C7-84EA-0155969AA060}.Beta|Any CPU.Build.0 = Beta|Any CPU
		{26047745-B315-40C7-84EA-0155969AA060}.Beta|x64.ActiveCfg = Beta|Any CPU
		{26047745-B315-40C7-84EA-0155969AA060}.Beta|x64.Build.0 = Beta|Any CPU
		{26047745-B315-40C7-84EA-0155969AA060}.Beta|x86.ActiveCfg = Beta|Any CPU
		{26047745-B315-40C7-84EA-0155969AA060}.Beta|x86.Build.0 = Beta|Any CPU
		{26047745-B315-40C7-84EA-0155969AA060}.Debug|Any CPU.ActiveCfg = Debug|Any CPU
		{26047745-B315-40C7-84EA-0155969AA060}.Debug|Any CPU.Build.0 = Debug|Any CPU
		{26047745-B315-40C7-84EA-0155969AA060}.Debug|x64.ActiveCfg = Debug|Any CPU
		{26047745-B315-40C7-84EA-0155969AA060}.Debug|x64.Build.0 = Debug|Any CPU
		{26047745-B315-40C7-84EA-0155969AA060}.Debug|x86.ActiveCfg = Debug|Any CPU
		{26047745-B315-40C7-84EA-0155969AA060}.Debug|x86.Build.0 = Debug|Any CPU
		{26047745-B315-40C7-84EA-0155969AA060}.Release|Any CPU.ActiveCfg = Release|Any CPU
		{26047745-B315-40C7-84EA-0155969AA060}.Release|Any CPU.Build.0 = Release|Any CPU
		{26047745-B315-40C7-84EA-0155969AA060}.Release|x64.ActiveCfg = Release|Any CPU
		{26047745-B315-40C7-84EA-0155969AA060}.Release|x64.Build.0 = Release|Any CPU
		{26047745-B315-40C7-84EA-0155969AA060}.Release|x86.ActiveCfg = Release|Any CPU
		{26047745-B315-40C7-84EA-0155969AA060}.Release|x86.Build.0 = Release|Any CPU
		{DDF7EECA-0B08-4530-8489-4312D7A91C3D}.Beta|Any CPU.ActiveCfg = Debug|Any CPU
		{DDF7EECA-0B08-4530-8489-4312D7A91C3D}.Beta|Any CPU.Build.0 = Debug|Any CPU
		{DDF7EECA-0B08-4530-8489-4312D7A91C3D}.Beta|x64.ActiveCfg = Debug|Any CPU
		{DDF7EECA-0B08-4530-8489-4312D7A91C3D}.Beta|x64.Build.0 = Debug|Any CPU
		{DDF7EECA-0B08-4530-8489-4312D7A91C3D}.Beta|x86.ActiveCfg = Debug|Any CPU
		{DDF7EECA-0B08-4530-8489-4312D7A91C3D}.Beta|x86.Build.0 = Debug|Any CPU
		{DDF7EECA-0B08-4530-8489-4312D7A91C3D}.Debug|Any CPU.ActiveCfg = Debug|Any CPU
		{DDF7EECA-0B08-4530-8489-4312D7A91C3D}.Debug|Any CPU.Build.0 = Debug|Any CPU
		{DDF7EECA-0B08-4530-8489-4312D7A91C3D}.Debug|x64.ActiveCfg = Debug|Any CPU
		{DDF7EECA-0B08-4530-8489-4312D7A91C3D}.Debug|x64.Build.0 = Debug|Any CPU
		{DDF7EECA-0B08-4530-8489-4312D7A91C3D}.Debug|x86.ActiveCfg = Debug|Any CPU
		{DDF7EECA-0B08-4530-8489-4312D7A91C3D}.Debug|x86.Build.0 = Debug|Any CPU
		{DDF7EECA-0B08-4530-8489-4312D7A91C3D}.Release|Any CPU.ActiveCfg = Release|Any CPU
		{DDF7EECA-0B08-4530-8489-4312D7A91C3D}.Release|Any CPU.Build.0 = Release|Any CPU
		{DDF7EECA-0B08-4530-8489-4312D7A91C3D}.Release|x64.ActiveCfg = Release|Any CPU
		{DDF7EECA-0B08-4530-8489-4312D7A91C3D}.Release|x64.Build.0 = Release|Any CPU
		{DDF7EECA-0B08-4530-8489-4312D7A91C3D}.Release|x86.ActiveCfg = Release|Any CPU
		{DDF7EECA-0B08-4530-8489-4312D7A91C3D}.Release|x86.Build.0 = Release|Any CPU
		{99139CC0-6ABE-47FE-95C9-0FB1788EFD5C}.Beta|Any CPU.ActiveCfg = Release|Any CPU
		{99139CC0-6ABE-47FE-95C9-0FB1788EFD5C}.Beta|Any CPU.Build.0 = Release|Any CPU
		{99139CC0-6ABE-47FE-95C9-0FB1788EFD5C}.Beta|x64.ActiveCfg = Release|Any CPU
		{99139CC0-6ABE-47FE-95C9-0FB1788EFD5C}.Beta|x64.Build.0 = Release|Any CPU
		{99139CC0-6ABE-47FE-95C9-0FB1788EFD5C}.Beta|x86.ActiveCfg = Release|Any CPU
		{99139CC0-6ABE-47FE-95C9-0FB1788EFD5C}.Beta|x86.Build.0 = Release|Any CPU
		{99139CC0-6ABE-47FE-95C9-0FB1788EFD5C}.Debug|Any CPU.ActiveCfg = Debug|Any CPU
		{99139CC0-6ABE-47FE-95C9-0FB1788EFD5C}.Debug|Any CPU.Build.0 = Debug|Any CPU
		{99139CC0-6ABE-47FE-95C9-0FB1788EFD5C}.Debug|x64.ActiveCfg = Debug|Any CPU
		{99139CC0-6ABE-47FE-95C9-0FB1788EFD5C}.Debug|x64.Build.0 = Debug|Any CPU
		{99139CC0-6ABE-47FE-95C9-0FB1788EFD5C}.Debug|x86.ActiveCfg = Debug|Any CPU
		{99139CC0-6ABE-47FE-95C9-0FB1788EFD5C}.Debug|x86.Build.0 = Debug|Any CPU
		{99139CC0-6ABE-47FE-95C9-0FB1788EFD5C}.Release|Any CPU.ActiveCfg = Release|Any CPU
		{99139CC0-6ABE-47FE-95C9-0FB1788EFD5C}.Release|Any CPU.Build.0 = Release|Any CPU
		{99139CC0-6ABE-47FE-95C9-0FB1788EFD5C}.Release|x64.ActiveCfg = Release|Any CPU
		{99139CC0-6ABE-47FE-95C9-0FB1788EFD5C}.Release|x64.Build.0 = Release|Any CPU
		{99139CC0-6ABE-47FE-95C9-0FB1788EFD5C}.Release|x86.ActiveCfg = Release|Any CPU
		{99139CC0-6ABE-47FE-95C9-0FB1788EFD5C}.Release|x86.Build.0 = Release|Any CPU
	EndGlobalSection
	GlobalSection(SolutionProperties) = preSolution
		HideSolutionNode = FALSE
	EndGlobalSection
	GlobalSection(NestedProjects) = preSolution
		{B8D90B6F-3D4D-4935-960D-154B8D42AD67} = {432DD7E2-10B7-4AF6-9052-6D9EFACD9645}
		{617B5CB7-F90B-4FF8-AAB5-FDE1F2738E73} = {432DD7E2-10B7-4AF6-9052-6D9EFACD9645}
		{F9E5731D-A55F-4CD3-9452-D0EF8EF08AE1} = {432DD7E2-10B7-4AF6-9052-6D9EFACD9645}
		{26047745-B315-40C7-84EA-0155969AA060} = {432DD7E2-10B7-4AF6-9052-6D9EFACD9645}
		{DDF7EECA-0B08-4530-8489-4312D7A91C3D} = {432DD7E2-10B7-4AF6-9052-6D9EFACD9645}
	EndGlobalSection
	GlobalSection(ExtensibilityGlobals) = postSolution
		SolutionGuid = {0F802D8C-4C46-4F0F-B1E7-DC008DBADC0D}
	EndGlobalSection
EndGlobal
